
Microsoft Visual Studio Solution File, Format Version 12.00
# Visual Studio Version 17
VisualStudioVersion = 17.4.33213.308
MinimumVisualStudioVersion = 10.0.40219.1
Project("{FAE04EC0-301F-11D3-BF4B-00C04F79EFBC}") = "WebSiteBanHang_MVC_2120110131", "WebSiteBanHang_MVC_2120110131\WebSiteBanHang_MVC_2120110131.csproj", "{F944A40C-BE24-43DA-ABB1-AB63F608B337}"
EndProject
Global
	GlobalSection(SolutionConfigurationPlatforms) = preSolution
		Debug|Any CPU = Debug|Any CPU
		Release|Any CPU = Release|Any CPU
	EndGlobalSection
	GlobalSection(ProjectConfigurationPlatforms) = postSolution
		{F944A40C-BE24-43DA-ABB1-AB63F608B337}.Debug|Any CPU.ActiveCfg = Debug|Any CPU
		{F944A40C-BE24-43DA-ABB1-AB63F608B337}.Debug|Any CPU.Build.0 = Debug|Any CPU
		{F944A40C-BE24-43DA-ABB1-AB63F608B337}.Release|Any CPU.ActiveCfg = Release|Any CPU
		{F944A40C-BE24-43DA-ABB1-AB63F608B337}.Release|Any CPU.Build.0 = Release|Any CPU
	EndGlobalSection
	GlobalSection(SolutionProperties) = preSolution
		HideSolutionNode = FALSE
	EndGlobalSection
	GlobalSection(ExtensibilityGlobals) = postSolution
		SolutionGuid = {2369CEA6-267D-40A3-B842-6CC4A14252CE}
	EndGlobalSection
EndGlobal
